
Microsoft Visual Studio Solution File, Format Version 12.00
# Visual Studio 15
VisualStudioVersion = 15.0.27130.2020
MinimumVisualStudioVersion = 10.0.40219.1
Project("{FAE04EC0-301F-11D3-BF4B-00C04F79EFBC}") = "TSFS", "TSFS\TSFS.csproj", "{7E02F01F-0CFE-4638-A5A0-EEEC84110688}"
EndProject
Global
	GlobalSection(SolutionConfigurationPlatforms) = preSolution
		Debug|Any CPU = Debug|Any CPU
		Release|Any CPU = Release|Any CPU
	EndGlobalSection
	GlobalSection(ProjectConfigurationPlatforms) = postSolution
		{7E02F01F-0CFE-4638-A5A0-EEEC84110688}.Debug|Any CPU.ActiveCfg = Debug|Any CPU
		{7E02F01F-0CFE-4638-A5A0-EEEC84110688}.Debug|Any CPU.Build.0 = Debug|Any CPU
		{7E02F01F-0CFE-4638-A5A0-EEEC84110688}.Release|Any CPU.ActiveCfg = Release|Any CPU
		{7E02F01F-0CFE-4638-A5A0-EEEC84110688}.Release|Any CPU.Build.0 = Release|Any CPU
	EndGlobalSection
	GlobalSection(SolutionProperties) = preSolution
		HideSolutionNode = FALSE
	EndGlobalSection
	GlobalSection(ExtensibilityGlobals) = postSolution
		SolutionGuid = {8A7E53FA-0423-48FA-AB4B-3A7C98ADE2A5}
	EndGlobalSection
EndGlobal
